
Microsoft Visual Studio Solution File, Format Version 12.00
# Visual Studio Version 16
VisualStudioVersion = 16.0.31129.286
MinimumVisualStudioVersion = 10.0.40219.1
Project("{FAE04EC0-301F-11D3-BF4B-00C04F79EFBC}") = "SamuraiApp.Domain", "SamuraiApp.Domain\SamuraiApp.Domain.csproj", "{6134F6AC-2195-446F-B177-BA2447D82251}"
EndProject
Project("{FAE04EC0-301F-11D3-BF4B-00C04F79EFBC}") = "SamuraiApp.Data", "SamuraiApp.Data\SamuraiApp.Data.csproj", "{7E7FACBF-2457-4AD0-8461-80FF4F32FF04}"
EndProject
Project("{FAE04EC0-301F-11D3-BF4B-00C04F79EFBC}") = "Tests", "Tests\Tests.csproj", "{2CF0273F-B0F7-404B-BB52-462DD9DC49E7}"
EndProject
Project("{FAE04EC0-301F-11D3-BF4B-00C04F79EFBC}") = "ConsoleApp", "ConsoleApp\ConsoleApp.csproj", "{E0F81630-EB2C-45C1-82FD-F459BEEFFD62}"
EndProject
Global
	GlobalSection(SolutionConfigurationPlatforms) = preSolution
		Debug|Any CPU = Debug|Any CPU
		Release|Any CPU = Release|Any CPU
	EndGlobalSection
	GlobalSection(ProjectConfigurationPlatforms) = postSolution
		{6134F6AC-2195-446F-B177-BA2447D82251}.Debug|Any CPU.ActiveCfg = Debug|Any CPU
		{6134F6AC-2195-446F-B177-BA2447D82251}.Debug|Any CPU.Build.0 = Debug|Any CPU
		{6134F6AC-2195-446F-B177-BA2447D82251}.Release|Any CPU.ActiveCfg = Release|Any CPU
		{6134F6AC-2195-446F-B177-BA2447D82251}.Release|Any CPU.Build.0 = Release|Any CPU
		{7E7FACBF-2457-4AD0-8461-80FF4F32FF04}.Debug|Any CPU.ActiveCfg = Debug|Any CPU
		{7E7FACBF-2457-4AD0-8461-80FF4F32FF04}.Debug|Any CPU.Build.0 = Debug|Any CPU
		{7E7FACBF-2457-4AD0-8461-80FF4F32FF04}.Release|Any CPU.ActiveCfg = Release|Any CPU
		{7E7FACBF-2457-4AD0-8461-80FF4F32FF04}.Release|Any CPU.Build.0 = Release|Any CPU
		{2CF0273F-B0F7-404B-BB52-462DD9DC49E7}.Debug|Any CPU.ActiveCfg = Debug|Any CPU
		{2CF0273F-B0F7-404B-BB52-462DD9DC49E7}.Debug|Any CPU.Build.0 = Debug|Any CPU
		{2CF0273F-B0F7-404B-BB52-462DD9DC49E7}.Release|Any CPU.ActiveCfg = Release|Any CPU
		{2CF0273F-B0F7-404B-BB52-462DD9DC49E7}.Release|Any CPU.Build.0 = Release|Any CPU
		{E0F81630-EB2C-45C1-82FD-F459BEEFFD62}.Debug|Any CPU.ActiveCfg = Debug|Any CPU
		{E0F81630-EB2C-45C1-82FD-F459BEEFFD62}.Debug|Any CPU.Build.0 = Debug|Any CPU
		{E0F81630-EB2C-45C1-82FD-F459BEEFFD62}.Release|Any CPU.ActiveCfg = Release|Any CPU
		{E0F81630-EB2C-45C1-82FD-F459BEEFFD62}.Release|Any CPU.Build.0 = Release|Any CPU
	EndGlobalSection
	GlobalSection(SolutionProperties) = preSolution
		HideSolutionNode = FALSE
	EndGlobalSection
	GlobalSection(ExtensibilityGlobals) = postSolution
		SolutionGuid = {71BB65BF-C411-40D8-9837-953108F83871}
	EndGlobalSection
EndGlobal
